
Microsoft Visual Studio Solution File, Format Version 12.00
# Visual Studio Version 16
VisualStudioVersion = 16.0.32602.291
MinimumVisualStudioVersion = 10.0.40219.1
Project("{FAE04EC0-301F-11D3-BF4B-00C04F79EFBC}") = "TestTaskDCT", "TestTaskDCT\TestTaskDCT.csproj", "{2FEE4F98-2FED-447D-96A9-331DBB492173}"
EndProject
Global
	GlobalSection(SolutionConfigurationPlatforms) = preSolution
		Debug|Any CPU = Debug|Any CPU
		Release|Any CPU = Release|Any CPU
	EndGlobalSection
	GlobalSection(ProjectConfigurationPlatforms) = postSolution
		{2FEE4F98-2FED-447D-96A9-331DBB492173}.Debug|Any CPU.ActiveCfg = Debug|Any CPU
		{2FEE4F98-2FED-447D-96A9-331DBB492173}.Debug|Any CPU.Build.0 = Debug|Any CPU
		{2FEE4F98-2FED-447D-96A9-331DBB492173}.Release|Any CPU.ActiveCfg = Release|Any CPU
		{2FEE4F98-2FED-447D-96A9-331DBB492173}.Release|Any CPU.Build.0 = Release|Any CPU
	EndGlobalSection
	GlobalSection(SolutionProperties) = preSolution
		HideSolutionNode = FALSE
	EndGlobalSection
	GlobalSection(ExtensibilityGlobals) = postSolution
		SolutionGuid = {1ABD385E-6B94-4EA5-8A42-90B8E81D4A16}
	EndGlobalSection
EndGlobal
